# THIS IS AN AUTOGENERATED FILE. DO NOT EDIT THIS FILE DIRECTLY.
# yarn lockfile v1


almond@~0.3.1:
  version "0.3.3"
  resolved "https://registry.yarnpkg.com/almond/-/almond-0.3.3.tgz#a0e7c95ac7624d6417b4494b1e68bff693168a20"

animate.css@^3.5.2:
  version "3.5.2"
  resolved "https://registry.yarnpkg.com/animate.css/-/animate.css-3.5.2.tgz#91e668dc069a808e5e499514867b97aae0166c36"

bootstrap-colorpicker@^2.5.2:
  version "2.5.2"
  resolved "https://registry.yarnpkg.com/bootstrap-colorpicker/-/bootstrap-colorpicker-2.5.2.tgz#33bfb2043485f12dcb3df0f60ad171762cc3c0e4"
  dependencies:
    jquery ">=1.10"

bootstrap-datepicker@^1.6.4:
  version "1.7.1"
  resolved "https://registry.yarnpkg.com/bootstrap-datepicker/-/bootstrap-datepicker-1.7.1.tgz#4ee7faf34888dbec7834fbf9dbe7c4277e01ddaf"
  dependencies:
    jquery ">=1.7.1 <4.0.0"

bootstrap-multiselect@^0.9.13:
  version "0.9.13"
  resolved "https://registry.yarnpkg.com/bootstrap-multiselect/-/bootstrap-multiselect-0.9.13.tgz#57b874511495393b23f866da6d2e866579fc27e5"

bootstrap@^3.3.7:
  version "3.3.7"
  resolved "https://registry.yarnpkg.com/bootstrap/-/bootstrap-3.3.7.tgz#5a389394549f23330875a3b150656574f8a9eb71"

ckeditor@*:
  version "4.12.1"
  resolved "https://registry.yarnpkg.com/ckeditor/-/ckeditor-4.12.1.tgz#954a7b028dd611e44ba51cc7c2fe051cf1052186"
  integrity sha512-pH2Su4oi0D4iN/3U8nUcwI7/lXHoOJi0aiN8e2zxnm4Ow5kq8eZP2ZGmpYyuqRyKZ2tHaU8+OyYi7laXcjiq9Q==

font-awesome@^4.7.0:
  version "4.7.0"
  resolved "https://registry.yarnpkg.com/font-awesome/-/font-awesome-4.7.0.tgz#8fa8cf0411a1a31afd07b06d2902bb9fc815a133"

jquery-confirm2@craftpip/jquery-confirm#^3.0.1:
  version "3.3.2"
  resolved "https://codeload.github.com/craftpip/jquery-confirm/tar.gz/3ec8bbe199c9e7e6a151002504e507c1a8b6a619"
  dependencies:
    jquery ">=1.6"

jquery-mask-plugin@^1.14.0:
  version "1.14.11"
  resolved "https://registry.yarnpkg.com/jquery-mask-plugin/-/jquery-mask-plugin-1.14.11.tgz#57ba598416af6ea7ba9336eacb2a1bf0edbba1db"

jquery-mousewheel@~3.1.13:
  version "3.1.13"
  resolved "https://registry.yarnpkg.com/jquery-mousewheel/-/jquery-mousewheel-3.1.13.tgz#06f0335f16e353a695e7206bf50503cb523a6ee5"

jquery-tabledit@rbarros/jquery-tabledit#~1.2.5:
  version "0.0.0"
  resolved "https://codeload.github.com/rbarros/jquery-tabledit/tar.gz/d59dece75682a9bf22a563b0cf4392b51c04f100"

jquery@*, jquery@>=1.10, jquery@>=1.6, "jquery@>=1.7.1 <4.0.0":
  version "3.2.1"
  resolved "https://registry.yarnpkg.com/jquery/-/jquery-3.2.1.tgz#5c4d9de652af6cd0a770154a631bba12b015c787"

jquery@~2.2.4:
  version "2.2.4"
  resolved "https://registry.yarnpkg.com/jquery/-/jquery-2.2.4.tgz#2c89d6889b5eac522a7eea32c14521559c6cbf02"

myvalidate@myvalidate#*:
  version "2.5.1"
  resolved "https://registry.yarnpkg.com/myvalidate/-/myvalidate-2.5.1.tgz#53b2f0a8e95d304ea25471c67a6b7908698d4c0b"
  dependencies:
    jquery "*"

node-waves@node-waves#^0.7.5:
  version "0.7.5"
  resolved "https://registry.yarnpkg.com/node-waves/-/node-waves-0.7.5.tgz#be15bccc685544cb9e68c8f922b57fb802d95cff"

offline-js@^0.7.19:
  version "0.7.19"
  resolved "https://registry.yarnpkg.com/offline-js/-/offline-js-0.7.19.tgz#60b68b6dccf3cd5528b5c8577280dceebdebab99"

select2@^4.0.3:
  version "4.0.3"
  resolved "https://registry.yarnpkg.com/select2/-/select2-4.0.3.tgz#207733fe91eacb9cb1a13f12463401f472449e0f"
  dependencies:
    almond "~0.3.1"
    jquery-mousewheel "~3.1.13"
